<?xml version="1.0" encoding="utf-8"?>
<Project ToolsVersion="4.0" xmlns="http://schemas.microsoft.com/developer/msbuild/2003">
  <ItemGroup>
    <Filter Include="Source Files">
      <UniqueIdentifier>{4FC737F1-C7A5-4376-A066-2A32D752A2FF}</UniqueIdentifier>
      <Extensions>cpp;c;cc;cxx;c++;cppm;ixx;def;odl;idl;hpj;bat;asm;asmx</Extensions>
    </Filter>
    <Filter Include="Header Files">
      <UniqueIdentifier>{93995380-89BD-4b04-88EB-625FBE52EBFB}</UniqueIdentifier>
      <Extensions>h;hh;hpp;hxx;h++;hm;inl;inc;ipp;xsd</Extensions>
    </Filter>
    <Filter Include="Resource Files">
      <UniqueIdentifier>{67DA6AB6-F800-4c08-8B7A-83BB121AAD01}</UniqueIdentifier>
      <Extensions>rc;ico;cur;bmp;dlg;rc2;rct;bin;rgs;gif;jpg;jpeg;jpe;resx;tiff;tif;png;wav;mfcribbon-ms</Extensions>
    </Filter>
    <Filter Include="Components">
      <UniqueIdentifier>{58524c1b-57a3-462a-8edf-866eb7763242}</UniqueIdentifier>
    </Filter>
    <Filter Include="Components\Theater">
      <UniqueIdentifier>{17315cf0-85de-40aa-acb1-e62b8d097d26}</UniqueIdentifier>
    </Filter>
    <Filter Include="Components\UI">
      <UniqueIdentifier>{06c0e8ad-1a25-47cf-9ff8-a29c4872b585}</UniqueIdentifier>
    </Filter>
    <Filter Include="Components\Common">
      <UniqueIdentifier>{4badef65-2747-4582-b107-2acf32b1c61c}</UniqueIdentifier>
    </Filter>
    <Filter Include="Components\Theater\BoneCamera">
      <UniqueIdentifier>{db8940a5-979f-4d9e-9469-8433e66017ae}</UniqueIdentifier>
    </Filter>
    <Filter Include="Components\Theater\Lights">
      <UniqueIdentifier>{20fc3d0a-2e1d-4506-8688-c90dbb9b64de}</UniqueIdentifier>
    </Filter>
    <Filter Include="Components\Theater\Misc">
      <UniqueIdentifier>{53c40cc4-24a9-4714-8a83-d5cf3ba87559}</UniqueIdentifier>
    </Filter>
    <Filter Include="Components\Theater\Camera">
      <UniqueIdentifier>{fae21121-a7cb-454b-87f8-5340bbadd4e4}</UniqueIdentifier>
    </Filter>
    <Filter Include="Components\Streams">
      <UniqueIdentifier>{53e47594-d5ad-4685-b981-fe26c1111eca}</UniqueIdentifier>
    </Filter>
    <Filter Include="DX11">
      <UniqueIdentifier>{b506e845-c22c-489b-b4cf-62c062f77b6e}</UniqueIdentifier>
    </Filter>
    <Filter Include="Components\Theater\Weapon">
      <UniqueIdentifier>{22275652-fb2a-4396-a58c-fc6eee35bd57}</UniqueIdentifier>
    </Filter>
    <Filter Include="Components\Theater\StreamsMenu">
      <UniqueIdentifier>{0967ea7d-a248-485f-a929-cfa8581162f3}</UniqueIdentifier>
    </Filter>
    <Filter Include="Components\Theater\Sun">
      <UniqueIdentifier>{0bed2ee2-1911-4cbf-a1b2-73f3330763d1}</UniqueIdentifier>
    </Filter>
    <Filter Include="Components\Theater\SSAO">
      <UniqueIdentifier>{5879377e-2ebc-43f2-b06e-fe92e9527460}</UniqueIdentifier>
    </Filter>
    <Filter Include="Components\Theater\DOF">
      <UniqueIdentifier>{a20e269a-8302-434f-99ab-dbb4f8b55615}</UniqueIdentifier>
    </Filter>
    <Filter Include="Components\Theater\Main">
      <UniqueIdentifier>{1fa5b30c-49d8-4452-8baf-68f7a115780e}</UniqueIdentifier>
    </Filter>
    <Filter Include="Components\Streams\AVI">
      <UniqueIdentifier>{5e066c85-61fc-4b5d-a024-801864ac4dee}</UniqueIdentifier>
    </Filter>
    <Filter Include="Components\Theater\FOG">
      <UniqueIdentifier>{e88de5d5-70ad-4300-8f1b-ea88b4ba4db7}</UniqueIdentifier>
    </Filter>
  </ItemGroup>
  <ItemGroup>
    <ClInclude Include="framework.h">
      <Filter>Header Files</Filter>
    </ClInclude>
    <ClInclude Include="pch.h">
      <Filter>Header Files</Filter>
    </ClInclude>
    <ClInclude Include="UIBase.h">
      <Filter>Components\UI</Filter>
    </ClInclude>
    <ClInclude Include="CustomDvars.h">
      <Filter>Components\Common</Filter>
    </ClInclude>
    <ClInclude Include="TheaterBase.h">
      <Filter>Components\Theater</Filter>
    </ClInclude>
    <ClInclude Include="BoneCamera.h">
      <Filter>Components\Theater\BoneCamera</Filter>
    </ClInclude>
    <ClInclude Include="BoneCameraMenu.h">
      <Filter>Components\Theater\BoneCamera</Filter>
    </ClInclude>
    <ClInclude Include="UIControls.h">
      <Filter>Components\UI</Filter>
    </ClInclude>
    <ClInclude Include="Lights.h">
      <Filter>Components\Theater\Lights</Filter>
    </ClInclude>
    <ClInclude Include="LightsMenu.h">
      <Filter>Components\Theater\Lights</Filter>
    </ClInclude>
    <ClInclude Include="Misc.h">
      <Filter>Components\Theater\Misc</Filter>
    </ClInclude>
    <ClInclude Include="MiscMenu.h">
      <Filter>Components\Theater\Misc</Filter>
    </ClInclude>
    <ClInclude Include="FreeCamera.h">
      <Filter>Components\Theater\Camera</Filter>
    </ClInclude>
    <ClInclude Include="IMVMStream.h">
      <Filter>Components\Streams</Filter>
    </ClInclude>
    <ClInclude Include="GreenScreen.h">
      <Filter>Components\Streams</Filter>
    </ClInclude>
    <ClInclude Include="Streams.h">
      <Filter>Components\Streams</Filter>
    </ClInclude>
    <ClInclude Include="NoPlayers.h">
      <Filter>Components\Streams</Filter>
    </ClInclude>
    <ClInclude Include="NoGun.h">
      <Filter>Components\Streams</Filter>
    </ClInclude>
    <ClInclude Include="LocalAddresses.h">
      <Filter>Components\Common</Filter>
    </ClInclude>
    <ClInclude Include="ScreenGrab.h">
      <Filter>DX11</Filter>
    </ClInclude>
    <ClInclude Include="Depth.h">
      <Filter>Components\Streams</Filter>
    </ClInclude>
    <ClInclude Include="FxOnly.h">
      <Filter>Components\Streams</Filter>
    </ClInclude>
    <ClInclude Include="Weapon.h">
      <Filter>Components\Theater\Weapon</Filter>
    </ClInclude>
    <ClInclude Include="WeaponMenu.h">
      <Filter>Components\Theater\Weapon</Filter>
    </ClInclude>
    <ClInclude Include="StreamsMenu.h">
      <Filter>Components\Theater\StreamsMenu</Filter>
    </ClInclude>
    <ClInclude Include="Default.h">
      <Filter>Components\Streams</Filter>
    </ClInclude>
    <ClInclude Include="DepthWithGun.h">
      <Filter>Components\Streams</Filter>
    </ClInclude>
    <ClInclude Include="GreenSky.h">
      <Filter>Components\Streams</Filter>
    </ClInclude>
    <ClInclude Include="LightsListBoxControl.h">
      <Filter>Components\Theater\Lights</Filter>
    </ClInclude>
    <ClInclude Include="SunMenu.h">
      <Filter>Components\Theater\Sun</Filter>
    </ClInclude>
    <ClInclude Include="DollyCamera.h">
      <Filter>Components\Theater\Camera</Filter>
    </ClInclude>
    <ClInclude Include="Shake.h">
      <Filter>Components\Common</Filter>
    </ClInclude>
    <ClInclude Include="CameraMenu.h">
      <Filter>Components\Theater\Camera</Filter>
    </ClInclude>
    <ClInclude Include="SsaoMenu.h">
      <Filter>Components\Theater\SSAO</Filter>
    </ClInclude>
    <ClInclude Include="DofMenu.h">
      <Filter>Components\Theater\DOF</Filter>
    </ClInclude>
    <ClInclude Include="..\..\..\..\Downloads\json.hpp">
      <Filter>Components\Common</Filter>
    </ClInclude>
    <ClInclude Include="UI_Timeline.h">
      <Filter>Components\UI</Filter>
    </ClInclude>
    <ClInclude Include="UI_DemoBrowseButton.h">
      <Filter>Components\UI</Filter>
    </ClInclude>
    <ClInclude Include="WeaponAnimations.h">
      <Filter>Components\Theater\Weapon</Filter>
    </ClInclude>
    <ClInclude Include="WeaponAnimationChangerMenu.h">
      <Filter>Components\Theater\Weapon</Filter>
    </ClInclude>
    <ClInclude Include="WeapsListBoxControl.h">
      <Filter>Components\Theater\Weapon</Filter>
    </ClInclude>
    <ClInclude Include="WeapAnimListBoxControl.h">
      <Filter>Components\Theater\Weapon</Filter>
    </ClInclude>
    <ClInclude Include="MainMenu.h">
      <Filter>Components\Theater\Main</Filter>
    </ClInclude>
    <ClInclude Include="..\libgmavi\libgmavi.h">
      <Filter>Components\Streams\AVI</Filter>
    </ClInclude>
    <ClInclude Include="Fog.h">
      <Filter>Components\Theater\FOG</Filter>
    </ClInclude>
    <ClInclude Include="FogMenu.h">
      <Filter>Components\Theater\FOG</Filter>
    </ClInclude>
    <ClInclude Include="Common.h">
      <Filter>Components\Common</Filter>
    </ClInclude>
    <ClInclude Include="HoldGun.h">
      <Filter>Components\Theater\Weapon</Filter>
    </ClInclude>
  </ItemGroup>
  <ItemGroup>
    <ClCompile Include="dllmain.cpp">
      <Filter>Source Files</Filter>
    </ClCompile>
    <ClCompile Include="pch.cpp">
      <Filter>Source Files</Filter>
    </ClCompile>
    <ClCompile Include="ScreenGrab.cpp">
      <Filter>DX11</Filter>
    </ClCompile>
    <ClCompile Include="Shake.cpp">
      <Filter>Components\Common</Filter>
    </ClCompile>
  </ItemGroup>
</Project>